[[package]]
name = "numpy"
version = "1.20.0"
description = "NumPy is the fundamental package for array computing with Python."
category = "main"
optional = false
python-versions = ">=3.7"

[[package]]
name = "pandas"
version = "1.2.1"
description = "Powerful data structures for data analysis, time series, and statistics"
category = "main"
optional = false
python-versions = ">=3.7.1"

[package.dependencies]
numpy = ">=1.16.5"
python-dateutil = ">=2.7.3"
pytz = ">=2017.3"

[package.extras]
test = ["pytest (>=5.0.1)", "pytest-xdist", "hypothesis (>=3.58)"]

[[package]]
name = "python-dateutil"
version = "2.8.1"
description = "Extensions to the standard Python datetime module"
category = "main"
optional = false
python-versions = "!=3.0.*,!=3.1.*,!=3.2.*,>=2.7"

[package.dependencies]
six = ">=1.5"

[[package]]
name = "pytz"
version = "2020.5"
description = "World timezone definitions, modern and historical"
category = "main"
optional = false
python-versions = "*"

[[package]]
name = "six"
version = "1.15.0"
description = "Python 2 and 3 compatibility utilities"
category = "main"
optional = false
python-versions = ">=2.7, !=3.0.*, !=3.1.*, !=3.2.*"

[metadata]
lock-version = "1.1"
python-versions = "^3.8"
content-hash = "298b2124222b25ad7c40a0e535f5a2ba570004bc49c4a3801b358b44e8003fa3"

[metadata.files]
numpy = [
    {file = "numpy-1.20.0-cp37-cp37m-macosx_10_9_x86_64.whl", hash = "sha256:89bd70c9ad540febe6c28451ba225eb4e49d27f64728357f512c808002325dfa"},
    {file = "numpy-1.20.0-cp37-cp37m-manylinux1_i686.whl", hash = "sha256:1264c66129f5ef63187649dd43f1ca59532e8c098723643336a85131c0dcce3f"},
    {file = "numpy-1.20.0-cp37-cp37m-manylinux1_x86_64.whl", hash = "sha256:e9c5fd330d2fedf06051bafb996252de9b032fcb2ec03eefc9a543e56efa66d4"},
    {file = "numpy-1.20.0-cp37-cp37m-manylinux2010_i686.whl", hash = "sha256:db5e69d08756a2fa75a42b4e433880b6187768fe1bc73d21819def893e5128c6"},
    {file = "numpy-1.20.0-cp37-cp37m-manylinux2010_x86_64.whl", hash = "sha256:1abc02e30e3efd81a4571e00f8e62bf42e343c76698e0a3e11d9c2b3ee0d77a7"},
    {file = "numpy-1.20.0-cp37-cp37m-manylinux2014_aarch64.whl", hash = "sha256:5ae765dd29c71a555f8102281f6fb15a3f4dbd35f6e7daf36af9df6d9dd716a5"},
    {file = "numpy-1.20.0-cp37-cp37m-win32.whl", hash = "sha256:b51b9ef0624f4b01b846c981034c10d2e30db33f9f8be71e992f3900741f6f77"},
    {file = "numpy-1.20.0-cp37-cp37m-win_amd64.whl", hash = "sha256:afeee581b50df20ef07b736e62ca612858f1fcdba96651d26ab44e3d567a4e6e"},
    {file = "numpy-1.20.0-cp38-cp38-macosx_10_9_x86_64.whl", hash = "sha256:2bf0e68c92ef077fe766e53f8937d8ac341bdbca68ec128ae049b7d5c34e3206"},
    {file = "numpy-1.20.0-cp38-cp38-manylinux1_i686.whl", hash = "sha256:2445a96fbae23a4109c61be0f0af0f3bc273905dc5687a710850c1dfde0fc994"},
    {file = "numpy-1.20.0-cp38-cp38-manylinux1_x86_64.whl", hash = "sha256:33edfc0eb229f86f539493917b34035054313a11afbed48404aaf9f86bf4b0f6"},
    {file = "numpy-1.20.0-cp38-cp38-manylinux2010_i686.whl", hash = "sha256:894aaee60043a98b03f0ad992c810f62e3a15f98a701e1c0f58a4f4a0df13429"},
    {file = "numpy-1.20.0-cp38-cp38-manylinux2010_x86_64.whl", hash = "sha256:b66a6c15d793eda7cdad986e737775aa31b9306d588c14dd0277d2dda5546150"},
    {file = "numpy-1.20.0-cp38-cp38-manylinux2014_aarch64.whl", hash = "sha256:eee454d3aa3955d0c0069a0f265fea47f1e1384c35a110a95efed358eb6e1562"},
    {file = "numpy-1.20.0-cp38-cp38-win32.whl", hash = "sha256:abdfa075e293d73638ece434708aa60b510dc6e70d805f57f481a0f550b25a9e"},
    {file = "numpy-1.20.0-cp38-cp38-win_amd64.whl", hash = "sha256:f1e9424e9aa3834ea27cc12f9c6ea8ace5da18ee60a720bb3a85b2f733f41782"},
    {file = "numpy-1.20.0-cp39-cp39-macosx_10_9_x86_64.whl", hash = "sha256:cb257bb0c0a3176c32782a63cfab2eace7eabfa2a3b2dfd85a13700617ccaf28"},
    {file = "numpy-1.20.0-cp39-cp39-manylinux2010_i686.whl", hash = "sha256:cf5d9dcbdbe523fa665c5309cce5f144648d94a7fddbf5a40f8e0d5c9f5b596d"},
    {file = "numpy-1.20.0-cp39-cp39-manylinux2010_x86_64.whl", hash = "sha256:93c2abea7bb69f47029b84ceac30ab46dfcfdb99b671ad850a333ff794a765e4"},
    {file = "numpy-1.20.0-cp39-cp39-manylinux2014_aarch64.whl", hash = "sha256:0d28a54afcf46f1f9ebd163e49ad6b49087f22986fefd01a23ca0c1cdda25ca6"},
    {file = "numpy-1.20.0-cp39-cp39-win32.whl", hash = "sha256:d1bc331e1706fd1809a1bc8a31205329e5b30cf5ba50461c624da267e99f6ae6"},
    {file = "numpy-1.20.0-cp39-cp39-win_amd64.whl", hash = "sha256:e3db646af9f6a145f0c57202f4b55d4a33f975e395e78fb7b394644c17c1a3a6"},
    {file = "numpy-1.20.0-pp37-pypy37_pp73-manylinux2010_x86_64.whl", hash = "sha256:4d592264d2a4f368afbb4288b5ceb646d4cbaf559c0249c096fbb0a149806b90"},
    {file = "numpy-1.20.0.zip", hash = "sha256:3d8233c03f116d068d5365fed4477f2947c7229582dad81e5953088989294cec"},
]
pandas = [
    {file = "pandas-1.2.1-cp37-cp37m-macosx_10_9_x86_64.whl", hash = "sha256:50e6c0a17ef7f831b5565fd0394dbf9bfd5d615ee4dd4bb60a3d8c9d2e872323"},
    {file = "pandas-1.2.1-cp37-cp37m-manylinux1_i686.whl", hash = "sha256:324e60bea729cf3b55c1bf9e88fe8b9932c26f8669d13b928e3c96b3a1453dff"},
    {file = "pandas-1.2.1-cp37-cp37m-manylinux1_x86_64.whl", hash = "sha256:37443199f451f8badfe0add666e43cdb817c59fa36bceedafd9c543a42f236ca"},
    {file = "pandas-1.2.1-cp37-cp37m-win32.whl", hash = "sha256:23ac77a3a222d9304cb2a7934bb7b4805ff43d513add7a42d1a22dc7df14edd2"},
    {file = "pandas-1.2.1-cp37-cp37m-win_amd64.whl", hash = "sha256:496fcc29321e9a804d56d5aa5d7ec1320edfd1898eee2f451aa70171cf1d5a29"},
    {file = "pandas-1.2.1-cp38-cp38-macosx_10_9_x86_64.whl", hash = "sha256:30e9e8bc8c5c17c03d943e8d6f778313efff59e413b8dbdd8214c2ed9aa165f6"},
    {file = "pandas-1.2.1-cp38-cp38-manylinux1_i686.whl", hash = "sha256:055647e7f4c5e66ba92c2a7dcae6c2c57898b605a3fb007745df61cc4015937f"},
    {file = "pandas-1.2.1-cp38-cp38-manylinux1_x86_64.whl", hash = "sha256:9d45f58b03af1fea4b48e44aa38a819a33dccb9821ef9e1d68f529995f8a632f"},
    {file = "pandas-1.2.1-cp38-cp38-manylinux2014_aarch64.whl", hash = "sha256:b26e2dabda73d347c7af3e6fed58483161c7b87a886a4e06d76ccfe55a044aa9"},
    {file = "pandas-1.2.1-cp38-cp38-win32.whl", hash = "sha256:47ec0808a8357ab3890ce0eca39a63f79dcf941e2e7f494470fe1c9ec43f6091"},
    {file = "pandas-1.2.1-cp38-cp38-win_amd64.whl", hash = "sha256:57d5c7ac62925a8d2ab43ea442b297a56cc8452015e71e24f4aa7e4ed6be3d77"},
    {file = "pandas-1.2.1-cp39-cp39-macosx_10_9_x86_64.whl", hash = "sha256:d7cca42dba13bfee369e2944ae31f6549a55831cba3117e17636955176004088"},
    {file = "pandas-1.2.1-cp39-cp39-manylinux1_i686.whl", hash = "sha256:cfd237865d878da9b65cfee883da5e0067f5e2ff839e459466fb90565a77bda3"},
    {file = "pandas-1.2.1-cp39-cp39-manylinux1_x86_64.whl", hash = "sha256:050ed2c9d825ef36738e018454e6d055c63d947c1d52010fbadd7584f09df5db"},
    {file = "pandas-1.2.1-cp39-cp39-win32.whl", hash = "sha256:fe7de6fed43e7d086e3d947651ec89e55ddf00102f9dd5758763d56d182f0564"},
    {file = "pandas-1.2.1-cp39-cp39-win_amd64.whl", hash = "sha256:2de012a36cc507debd9c3351b4d757f828d5a784a5fc4e6766eafc2b56e4b0f5"},
    {file = "pandas-1.2.1.tar.gz", hash = "sha256:5527c5475d955c0bc9689c56865aaa2a7b13c504d6c44f0aadbf57b565af5ebd"},
]
python-dateutil = [
    {file = "python-dateutil-2.8.1.tar.gz", hash = "sha256:73ebfe9dbf22e832286dafa60473e4cd239f8592f699aa5adaf10050e6e1823c"},
    {file = "python_dateutil-2.8.1-py2.py3-none-any.whl", hash = "sha256:75bb3f31ea686f1197762692a9ee6a7550b59fc6ca3a1f4b5d7e32fb98e2da2a"},
]
pytz = [
    {file = "pytz-2020.5-py2.py3-none-any.whl", hash = "sha256:16962c5fb8db4a8f63a26646d8886e9d769b6c511543557bc84e9569fb9a9cb4"},
    {file = "pytz-2020.5.tar.gz", hash = "sha256:180befebb1927b16f6b57101720075a984c019ac16b1b7575673bea42c6c3da5"},
]
six = [
    {file = "six-1.15.0-py2.py3-none-any.whl", hash = "sha256:8b74bedcbbbaca38ff6d7491d76f2b06b3592611af620f8426e82dddb04a5ced"},
    {file = "six-1.15.0.tar.gz", hash = "sha256:30639c035cdb23534cd4aa2dd52c3bf48f06e5f4a941509c8bafd8ce11080259"},
]
